
Microsoft Visual Studio Solution File, Format Version 12.00
# Visual Studio 15
Project("{FAE04EC0-301F-11D3-BF4B-00C04F79EFBC}") = "Assembly-CSharp", "Assembly-CSharp.csproj", "{C09A103F-549A-917E-3CA4-55999799361B}"
EndProject
Project("{FAE04EC0-301F-11D3-BF4B-00C04F79EFBC}") = "Assembly-CSharp-firstpass", "Assembly-CSharp-firstpass.csproj", "{CDEBC47E-7F2C-A616-F7AD-E00978363B70}"
EndProject
Global
	GlobalSection(SolutionConfigurationPlatforms) = preSolution
		Debug|Any CPU = Debug|Any CPU
		Release|Any CPU = Release|Any CPU
	EndGlobalSection
	GlobalSection(ProjectConfigurationPlatforms) = postSolution
		{C09A103F-549A-917E-3CA4-55999799361B}.Debug|Any CPU.ActiveCfg = Debug|Any CPU
		{C09A103F-549A-917E-3CA4-55999799361B}.Debug|Any CPU.Build.0 = Debug|Any CPU
		{C09A103F-549A-917E-3CA4-55999799361B}.Release|Any CPU.ActiveCfg = Release|Any CPU
		{C09A103F-549A-917E-3CA4-55999799361B}.Release|Any CPU.Build.0 = Release|Any CPU
		{CDEBC47E-7F2C-A616-F7AD-E00978363B70}.Debug|Any CPU.ActiveCfg = Debug|Any CPU
		{CDEBC47E-7F2C-A616-F7AD-E00978363B70}.Debug|Any CPU.Build.0 = Debug|Any CPU
		{CDEBC47E-7F2C-A616-F7AD-E00978363B70}.Release|Any CPU.ActiveCfg = Release|Any CPU
		{CDEBC47E-7F2C-A616-F7AD-E00978363B70}.Release|Any CPU.Build.0 = Release|Any CPU
	EndGlobalSection
	GlobalSection(SolutionProperties) = preSolution
		HideSolutionNode = FALSE
	EndGlobalSection
EndGlobal
