
Microsoft Visual Studio Solution File, Format Version 12.00
# Visual Studio 15
Project("{FAE04EC0-301F-11D3-BF4B-00C04F79EFBC}") = "Assembly-CSharp", "Assembly-CSharp.csproj", "{6EDFF8CB-65EF-8EF7-4736-4B0FD4FA2ECD}"
EndProject
Project("{FAE04EC0-301F-11D3-BF4B-00C04F79EFBC}") = "Assembly-CSharp-firstpass", "Assembly-CSharp-firstpass.csproj", "{121805B5-174A-7526-C0FA-8AE973A38ECA}"
EndProject
Global
	GlobalSection(SolutionConfigurationPlatforms) = preSolution
		Debug|Any CPU = Debug|Any CPU
		Release|Any CPU = Release|Any CPU
	EndGlobalSection
	GlobalSection(ProjectConfigurationPlatforms) = postSolution
		{6EDFF8CB-65EF-8EF7-4736-4B0FD4FA2ECD}.Debug|Any CPU.ActiveCfg = Debug|Any CPU
		{6EDFF8CB-65EF-8EF7-4736-4B0FD4FA2ECD}.Debug|Any CPU.Build.0 = Debug|Any CPU
		{6EDFF8CB-65EF-8EF7-4736-4B0FD4FA2ECD}.Release|Any CPU.ActiveCfg = Release|Any CPU
		{6EDFF8CB-65EF-8EF7-4736-4B0FD4FA2ECD}.Release|Any CPU.Build.0 = Release|Any CPU
		{121805B5-174A-7526-C0FA-8AE973A38ECA}.Debug|Any CPU.ActiveCfg = Debug|Any CPU
		{121805B5-174A-7526-C0FA-8AE973A38ECA}.Debug|Any CPU.Build.0 = Debug|Any CPU
		{121805B5-174A-7526-C0FA-8AE973A38ECA}.Release|Any CPU.ActiveCfg = Release|Any CPU
		{121805B5-174A-7526-C0FA-8AE973A38ECA}.Release|Any CPU.Build.0 = Release|Any CPU
	EndGlobalSection
	GlobalSection(SolutionProperties) = preSolution
		HideSolutionNode = FALSE
	EndGlobalSection
EndGlobal
